
Microsoft Visual Studio Solution File, Format Version 12.00
# Visual Studio Version 17
VisualStudioVersion = 17.4.33122.133
MinimumVisualStudioVersion = 10.0.40219.1
Project("{9A19103F-16F7-4668-BE54-9A1E7A4F7556}") = "Core", "Core\Core.csproj", "{C8BD6E41-EC4E-4680-A006-68267A9DCBD0}"
EndProject
Project("{2150E333-8FDC-42A3-9474-1A3956D46DE8}") = ".Solution_Items", ".Solution_Items", "{F74A30AF-59FC-4E96-B420-FD17E1116E4E}"
	ProjectSection(SolutionItems) = preProject
		.gitignore = .gitignore
	EndProjectSection
EndProject
Global
	GlobalSection(SolutionConfigurationPlatforms) = preSolution
		Debug|Any CPU = Debug|Any CPU
		Release|Any CPU = Release|Any CPU
	EndGlobalSection
	GlobalSection(ProjectConfigurationPlatforms) = postSolution
		{C8BD6E41-EC4E-4680-A006-68267A9DCBD0}.Debug|Any CPU.ActiveCfg = Debug|Any CPU
		{C8BD6E41-EC4E-4680-A006-68267A9DCBD0}.Debug|Any CPU.Build.0 = Debug|Any CPU
		{C8BD6E41-EC4E-4680-A006-68267A9DCBD0}.Release|Any CPU.ActiveCfg = Release|Any CPU
		{C8BD6E41-EC4E-4680-A006-68267A9DCBD0}.Release|Any CPU.Build.0 = Release|Any CPU
	EndGlobalSection
	GlobalSection(SolutionProperties) = preSolution
		HideSolutionNode = FALSE
	EndGlobalSection
	GlobalSection(ExtensibilityGlobals) = postSolution
		SolutionGuid = {8C7F9578-0E80-4824-B4F6-19AED644E324}
	EndGlobalSection
EndGlobal
